
Microsoft Visual Studio Solution File, Format Version 12.00
# Visual Studio Version 16
VisualStudioVersion = 16.0.29905.134
MinimumVisualStudioVersion = 10.0.40219.1
Project("{FAE04EC0-301F-11D3-BF4B-00C04F79EFBC}") = "ClassDemoThreadsApp", "ClassDemoThreadsApp\ClassDemoThreadsApp.csproj", "{623377E6-AA97-4C10-9A9C-E2C84D8DDFD2}"
EndProject
Global
	GlobalSection(SolutionConfigurationPlatforms) = preSolution
		Debug|Any CPU = Debug|Any CPU
		Release|Any CPU = Release|Any CPU
	EndGlobalSection
	GlobalSection(ProjectConfigurationPlatforms) = postSolution
		{623377E6-AA97-4C10-9A9C-E2C84D8DDFD2}.Debug|Any CPU.ActiveCfg = Debug|Any CPU
		{623377E6-AA97-4C10-9A9C-E2C84D8DDFD2}.Debug|Any CPU.Build.0 = Debug|Any CPU
		{623377E6-AA97-4C10-9A9C-E2C84D8DDFD2}.Release|Any CPU.ActiveCfg = Release|Any CPU
		{623377E6-AA97-4C10-9A9C-E2C84D8DDFD2}.Release|Any CPU.Build.0 = Release|Any CPU
	EndGlobalSection
	GlobalSection(SolutionProperties) = preSolution
		HideSolutionNode = FALSE
	EndGlobalSection
	GlobalSection(ExtensibilityGlobals) = postSolution
		SolutionGuid = {AA632018-0B40-4B73-845C-C13C0078EA50}
	EndGlobalSection
EndGlobal
